// !$*UTF8*$!
{
	archiveVersion = 1;
	classes = {
	};
	objectVersion = 46;
	objects = {

/* Begin PBXBuildFile section */
		0C5564A11C5BF445006AE09A /* AppDelegate.swift in Sources */ = {isa = PBXBuildFile; fileRef = 0C5564A01C5BF445006AE09A /* AppDelegate.swift */; };
		0C5564A61C5BF445006AE09A /* Main.storyboard in Resources */ = {isa = PBXBuildFile; fileRef = 0C5564A41C5BF445006AE09A /* Main.storyboard */; };
		0C5564A81C5BF445006AE09A /* Assets.xcassets in Resources */ = {isa = PBXBuildFile; fileRef = 0C5564A71C5BF445006AE09A /* Assets.xcassets */; };
		0C5564AB1C5BF445006AE09A /* LaunchScreen.storyboard in Resources */ = {isa = PBXBuildFile; fileRef = 0C5564A91C5BF445006AE09A /* LaunchScreen.storyboard */; };
		0C5564B71C5BF5F5006AE09A /* ViewController.swift in Sources */ = {isa = PBXBuildFile; fileRef = 0C5564B61C5BF5F5006AE09A /* ViewController.swift */; };
		0C5564B91C5BF8B4006AE09A /* List.swift in Sources */ = {isa = PBXBuildFile; fileRef = 0C5564B81C5BF8B4006AE09A /* List.swift */; };
		0C5564BB1C5BF94C006AE09A /* Task.swift in Sources */ = {isa = PBXBuildFile; fileRef = 0C5564BA1C5BF94C006AE09A /* Task.swift */; };
/* End PBXBuildFile section */

/* Begin PBXFileReference section */
		0C55649D1C5BF445006AE09A /* ListadeTarefaApp.app */ = {isa = PBXFileReference; explicitFileType = wrapper.application; includeInIndex = 0; path = ListadeTarefaApp.app; sourceTree = BUILT_PRODUCTS_DIR; };
		0C5564A01C5BF445006AE09A /* AppDelegate.swift */ = {isa = PBXFileReference; lastKnownFileType = sourcecode.swift; path = AppDelegate.swift; sourceTree = "<group>"; };
		0C5564A51C5BF445006AE09A /* Base */ = {isa = PBXFileReference; lastKnownFileType = file.storyboard; name = Base; path = Base.lproj/Main.storyboard; sourceTree = "<group>"; };
		0C5564A71C5BF445006AE09A /* Assets.xcassets */ = {isa = PBXFileReference; lastKnownFileType = folder.assetcatalog; path = Assets.xcassets; sourceTree = "<group>"; };
		0C5564AA1C5BF445006AE09A /* Base */ = {isa = PBXFileReference; lastKnownFileType = file.storyboard; name = Base; path = Base.lproj/LaunchScreen.storyboard; sourceTree = "<group>"; };
		0C5564AC1C5BF445006AE09A /* Info.plist */ = {isa = PBXFileReference; lastKnownFileType = text.plist.xml; path = Info.plist; sourceTree = "<group>"; };
		0C5564B61C5BF5F5006AE09A /* ViewController.swift */ = {isa = PBXFileReference; fileEncoding = 4; lastKnownFileType = sourcecode.swift; path = ViewController.swift; sourceTree = "<group>"; };
		0C5564B81C5BF8B4006AE09A /* List.swift */ = {isa = PBXFileReference; fileEncoding = 4; lastKnownFileType = sourcecode.swift; path = List.swift; sourceTree = "<group>"; };
		0C5564BA1C5BF94C006AE09A /* Task.swift */ = {isa = PBXFileReference; fileEncoding = 4; lastKnownFileType = sourcecode.swift; path = Task.swift; sourceTree = "<group>"; };
/* End PBXFileReference section */

/* Begin PBXFrameworksBuildPhase section */
		0C55649A1C5BF445006AE09A /* Frameworks */ = {
			isa = PBXFrameworksBuildPhase;
			buildActionMask = 2147483647;
			files = (
			);
			runOnlyForDeploymentPostprocessing = 0;
		};
/* End PBXFrameworksBuildPhase section */

/* Begin PBXGroup section */
		0C5564941C5BF445006AE09A = {
			isa = PBXGroup;
			children = (
				0C55649F1C5BF445006AE09A /* ListadeTarefaApp */,
				0C55649E1C5BF445006AE09A /* Products */,
			);
			sourceTree = "<group>";
		};
		0C55649E1C5BF445006AE09A /* Products */ = {
			isa = PBXGroup;
			children = (
				0C55649D1C5BF445006AE09A /* ListadeTarefaApp.app */,
			);
			name = Products;
			sourceTree = "<group>";
		};
		0C55649F1C5BF445006AE09A /* ListadeTarefaApp */ = {
			isa = PBXGroup;
			children = (
				0C5564B51C5BF588006AE09A /* Storyboard */,
				0C5564B41C5BF4FC006AE09A /* Controller */,
				0C5564B31C5BF4F2006AE09A /* View */,
				0C5564B21C5BF4EA006AE09A /* Models */,
				0C5564A01C5BF445006AE09A /* AppDelegate.swift */,
				0C5564A71C5BF445006AE09A /* Assets.xcassets */,
				0C5564A91C5BF445006AE09A /* LaunchScreen.storyboard */,
				0C5564AC1C5BF445006AE09A /* Info.plist */,
			);
			path = ListadeTarefaApp;
			sourceTree = "<group>";
		};
		0C5564B21C5BF4EA006AE09A /* Models */ = {
			isa = PBXGroup;
			children = (
				0C5564B81C5BF8B4006AE09A /* List.swift */,
				0C5564BA1C5BF94C006AE09A /* Task.swift */,
			);
			path = Models;
			sourceTree = "<group>";
		};
		0C5564B31C5BF4F2006AE09A /* View */ = {
			isa = PBXGroup;
			children = (
			);
			path = View;
			sourceTree = "<group>";
		};
		0C5564B41C5BF4FC006AE09A /* Controller */ = {
			isa = PBXGroup;
			children = (
				0C5564B61C5BF5F5006AE09A /* ViewController.swift */,
			);
			path = Controller;
			sourceTree = "<group>";
		};
		0C5564B51C5BF588006AE09A /* Storyboard */ = {
			isa = PBXGroup;
			children = (
				0C5564A41C5BF445006AE09A /* Main.storyboard */,
			);
			path = Storyboard;
			sourceTree = "<group>";
		};
/* End PBXGroup section */

/* Begin PBXNativeTarget section */
		0C55649C1C5BF445006AE09A /* ListadeTarefaApp */ = {
			isa = PBXNativeTarget;
			buildConfigurationList = 0C5564AF1C5BF445006AE09A /* Build configuration list for PBXNativeTarget "ListadeTarefaApp" */;
			buildPhases = (
				0C5564991C5BF445006AE09A /* Sources */,
				0C55649A1C5BF445006AE09A /* Frameworks */,
				0C55649B1C5BF445006AE09A /* Resources */,
			);
			buildRules = (
			);
			dependencies = (
			);
			name = ListadeTarefaApp;
			productName = ListadeTarefaApp;
			productReference = 0C55649D1C5BF445006AE09A /* ListadeTarefaApp.app */;
			productType = "com.apple.product-type.application";
		};
/* End PBXNativeTarget section */

/* Begin PBXProject section */
		0C5564951C5BF445006AE09A /* Project object */ = {
			isa = PBXProject;
			attributes = {
				LastSwiftUpdateCheck = 0720;
				LastUpgradeCheck = 0720;
				ORGANIZATIONNAME = Jera;
				TargetAttributes = {
					0C55649C1C5BF445006AE09A = {
						CreatedOnToolsVersion = 7.2;
						DevelopmentTeam = M9J6GZ3GRE;
					};
				};
			};
			buildConfigurationList = 0C5564981C5BF445006AE09A /* Build configuration list for PBXProject "ListadeTarefaApp" */;
			compatibilityVersion = "Xcode 3.2";
			developmentRegion = English;
			hasScannedForEncodings = 0;
			knownRegions = (
				en,
				Base,
			);
			mainGroup = 0C5564941C5BF445006AE09A;
			productRefGroup = 0C55649E1C5BF445006AE09A /* Products */;
			projectDirPath = "";
			projectRoot = "";
			targets = (
				0C55649C1C5BF445006AE09A /* ListadeTarefaApp */,
			);
		};
/* End PBXProject section */

/* Begin PBXResourcesBuildPhase section */
		0C55649B1C5BF445006AE09A /* Resources */ = {
			isa = PBXResourcesBuildPhase;
			buildActionMask = 2147483647;
			files = (
				0C5564AB1C5BF445006AE09A /* LaunchScreen.storyboard in Resources */,
				0C5564A81C5BF445006AE09A /* Assets.xcassets in Resources */,
				0C5564A61C5BF445006AE09A /* Main.storyboard in Resources */,
			);
			runOnlyForDeploymentPostprocessing = 0;
		};
/* End PBXResourcesBuildPhase section */

/* Begin PBXSourcesBuildPhase section */
		0C5564991C5BF445006AE09A /* Sources */ = {
			isa = PBXSourcesBuildPhase;
			buildActionMask = 2147483647;
			files = (
				0C5564BB1C5BF94C006AE09A /* Task.swift in Sources */,
				0C5564B71C5BF5F5006AE09A /* ViewController.swift in Sources */,
				0C5564A11C5BF445006AE09A /* AppDelegate.swift in Sources */,
				0C5564B91C5BF8B4006AE09A /* List.swift in Sources */,
			);
			runOnlyForDeploymentPostprocessing = 0;
		};
/* End PBXSourcesBuildPhase section */

/* Begin PBXVariantGroup section */
		0C5564A41C5BF445006AE09A /* Main.storyboard */ = {
			isa = PBXVariantGroup;
			children = (
				0C5564A51C5BF445006AE09A /* Base */,
			);
			name = Main.storyboard;
			path = ..;
			sourceTree = "<group>";
		};
		0C5564A91C5BF445006AE09A /* LaunchScreen.storyboard */ = {
			isa = PBXVariantGroup;
			children = (
				0C5564AA1C5BF445006AE09A /* Base */,
			);
			name = LaunchScreen.storyboard;
			sourceTree = "<group>";
		};
/* End PBXVariantGroup section */

/* Begin XCBuildConfiguration section */
		0C5564AD1C5BF445006AE09A /* Debug */ = {
			isa = XCBuildConfiguration;
			buildSettings = {
				ALWAYS_SEARCH_USER_PATHS = NO;
				CLANG_CXX_LANGUAGE_STANDARD = "gnu++0x";
				CLANG_CXX_LIBRARY = "libc++";
				CLANG_ENABLE_MODULES = YES;
				CLANG_ENABLE_OBJC_ARC = YES;
				CLANG_WARN_BOOL_CONVERSION = YES;
				CLANG_WARN_CONSTANT_CONVERSION = YES;
				CLANG_WARN_DIRECT_OBJC_ISA_USAGE = YES_ERROR;
				CLANG_WARN_EMPTY_BODY = YES;
				CLANG_WARN_ENUM_CONVERSION = YES;
				CLANG_WARN_INT_CONVERSION = YES;
				CLANG_WARN_OBJC_ROOT_CLASS = YES_ERROR;
				CLANG_WARN_UNREACHABLE_CODE = YES;
				CLANG_WARN__DUPLICATE_METHOD_MATCH = YES;
				"CODE_SIGN_IDENTITY[sdk=iphoneos*]" = "iPhone Developer";
				COPY_PHASE_STRIP = NO;
				DEBUG_INFORMATION_FORMAT = dwarf;
				ENABLE_STRICT_OBJC_MSGSEND = YES;
				ENABLE_TESTABILITY = YES;
				GCC_C_LANGUAGE_STANDARD = gnu99;
				GCC_DYNAMIC_NO_PIC = NO;
				GCC_NO_COMMON_BLOCKS = YES;
				GCC_OPTIMIZATION_LEVEL = 0;
				GCC_PREPROCESSOR_DEFINITIONS = (
					"DEBUG=1",
					"$(inherited)",
				);
				GCC_WARN_64_TO_32_BIT_CONVERSION = YES;
				GCC_WARN_ABOUT_RETURN_TYPE = YES_ERROR;
				GCC_WARN_UNDECLARED_SELECTOR = YES;
				GCC_WARN_UNINITIALIZED_AUTOS = YES_AGGRESSIVE;
				GCC_WARN_UNUSED_FUNCTION = YES;
				GCC_WARN_UNUSED_VARIABLE = YES;
				IPHONEOS_DEPLOYMENT_TARGET = 9.2;
				MTL_ENABLE_DEBUG_INFO = YES;
				ONLY_ACTIVE_ARCH = YES;
				SDKROOT = iphoneos;
				SWIFT_OPTIMIZATION_LEVEL = "-Onone";
			};
			name = Debug;
		};
		0C5564AE1C5BF445006AE09A /* Release */ = {
			isa = XCBuildConfiguration;
			buildSettings = {
				ALWAYS_SEARCH_USER_PATHS = NO;
				CLANG_CXX_LANGUAGE_STANDARD = "gnu++0x";
				CLANG_CXX_LIBRARY = "libc++";
				CLANG_ENABLE_MODULES = YES;
				CLANG_ENABLE_OBJC_ARC = YES;
				CLANG_WARN_BOOL_CONVERSION = YES;
				CLANG_WARN_CONSTANT_CONVERSION = YES;
				CLANG_WARN_DIRECT_OBJC_ISA_USAGE = YES_ERROR;
				CLANG_WARN_EMPTY_BODY = YES;
				CLANG_WARN_ENUM_CONVERSION = YES;
				CLANG_WARN_INT_CONVERSION = YES;
				CLANG_WARN_OBJC_ROOT_CLASS = YES_ERROR;
				CLANG_WARN_UNREACHABLE_CODE = YES;
				CLANG_WARN__DUPLICATE_METHOD_MATCH = YES;
				"CODE_SIGN_IDENTITY[sdk=iphoneos*]" = "iPhone Developer";
				COPY_PHASE_STRIP = NO;
				DEBUG_INFORMATION_FORMAT = "dwarf-with-dsym";
				ENABLE_NS_ASSERTIONS = NO;
				ENABLE_STRICT_OBJC_MSGSEND = YES;
				GCC_C_LANGUAGE_STANDARD = gnu99;
				GCC_NO_COMMON_BLOCKS = YES;
				GCC_WARN_64_TO_32_BIT_CONVERSION = YES;
				GCC_WARN_ABOUT_RETURN_TYPE = YES_ERROR;
				GCC_WARN_UNDECLARED_SELECTOR = YES;
				GCC_WARN_UNINITIALIZED_AUTOS = YES_AGGRESSIVE;
				GCC_WARN_UNUSED_FUNCTION = YES;
				GCC_WARN_UNUSED_VARIABLE = YES;
				IPHONEOS_DEPLOYMENT_TARGET = 9.2;
				MTL_ENABLE_DEBUG_INFO = NO;
				SDKROOT = iphoneos;
				VALIDATE_PRODUCT = YES;
			};
			name = Release;
		};
		0C5564B01C5BF445006AE09A /* Debug */ = {
			isa = XCBuildConfiguration;
			buildSettings = {
				ASSETCATALOG_COMPILER_APPICON_NAME = AppIcon;
				INFOPLIST_FILE = ListadeTarefaApp/Info.plist;
				LD_RUNPATH_SEARCH_PATHS = "$(inherited) @executable_path/Frameworks";
				PRODUCT_BUNDLE_IDENTIFIER = br.com.jera.ListadeTarefaApp;
				PRODUCT_NAME = "$(TARGET_NAME)";
			};
			name = Debug;
		};
		0C5564B11C5BF445006AE09A /* Release */ = {
			isa = XCBuildConfiguration;
			buildSettings = {
				ASSETCATALOG_COMPILER_APPICON_NAME = AppIcon;
				INFOPLIST_FILE = ListadeTarefaApp/Info.plist;
				LD_RUNPATH_SEARCH_PATHS = "$(inherited) @executable_path/Frameworks";
				PRODUCT_BUNDLE_IDENTIFIER = br.com.jera.ListadeTarefaApp;
				PRODUCT_NAME = "$(TARGET_NAME)";
			};
			name = Release;
		};
/* End XCBuildConfiguration section */

/* Begin XCConfigurationList section */
		0C5564981C5BF445006AE09A /* Build configuration list for PBXProject "ListadeTarefaApp" */ = {
			isa = XCConfigurationList;
			buildConfigurations = (
				0C5564AD1C5BF445006AE09A /* Debug */,
				0C5564AE1C5BF445006AE09A /* Release */,
			);
			defaultConfigurationIsVisible = 0;
			defaultConfigurationName = Release;
		};
		0C5564AF1C5BF445006AE09A /* Build configuration list for PBXNativeTarget "ListadeTarefaApp" */ = {
			isa = XCConfigurationList;
			buildConfigurations = (
				0C5564B01C5BF445006AE09A /* Debug */,
				0C5564B11C5BF445006AE09A /* Release */,
			);
			defaultConfigurationIsVisible = 0;
		};
/* End XCConfigurationList section */
	};
	rootObject = 0C5564951C5BF445006AE09A /* Project object */;
}
